
Microsoft Visual Studio Solution File, Format Version 12.00
# Visual Studio 15
VisualStudioVersion = 15.0.27004.2006
MinimumVisualStudioVersion = 10.0.40219.1
Project("{2150E333-8FDC-42A3-9474-1A3956D46DE8}") = "main", "main", "{13943499-5BAD-4FB3-9B3B-7C40AFE2801B}"
EndProject
Project("{2150E333-8FDC-42A3-9474-1A3956D46DE8}") = "tools", "tools", "{178D7B5B-DD9F-427A-99F2-3552A5CD0043}"
EndProject
Project("{2150E333-8FDC-42A3-9474-1A3956D46DE8}") = "tests", "tests", "{111E6D1E-D109-4B27-BBDD-ED73E73C83D0}"
EndProject
Project("{FAE04EC0-301F-11D3-BF4B-00C04F79EFBC}") = "DatatableToXlsPdfTools.Tests", "tests\DatatableToXlsPdfTools\DatatableToXlsPdfTools.Tests.csproj", "{139C71F7-2E60-48FD-85FA-D42CADB9D503}"
EndProject
Project("{FAE04EC0-301F-11D3-BF4B-00C04F79EFBC}") = "DatatableXlsPdfTools", "main\DatatableXlsPdfTools\DatatableXlsPdfTools.csproj", "{08C25912-9195-472C-9388-131A10FD00F1}"
EndProject
Global
	GlobalSection(SolutionConfigurationPlatforms) = preSolution
		Debug|Any CPU = Debug|Any CPU
		Release|Any CPU = Release|Any CPU
	EndGlobalSection
	GlobalSection(ProjectConfigurationPlatforms) = postSolution
		{139C71F7-2E60-48FD-85FA-D42CADB9D503}.Debug|Any CPU.ActiveCfg = Debug|Any CPU
		{139C71F7-2E60-48FD-85FA-D42CADB9D503}.Debug|Any CPU.Build.0 = Debug|Any CPU
		{139C71F7-2E60-48FD-85FA-D42CADB9D503}.Release|Any CPU.ActiveCfg = Release|Any CPU
		{139C71F7-2E60-48FD-85FA-D42CADB9D503}.Release|Any CPU.Build.0 = Release|Any CPU
		{08C25912-9195-472C-9388-131A10FD00F1}.Debug|Any CPU.ActiveCfg = Debug|Any CPU
		{08C25912-9195-472C-9388-131A10FD00F1}.Debug|Any CPU.Build.0 = Debug|Any CPU
		{08C25912-9195-472C-9388-131A10FD00F1}.Release|Any CPU.ActiveCfg = Release|Any CPU
		{08C25912-9195-472C-9388-131A10FD00F1}.Release|Any CPU.Build.0 = Release|Any CPU
	EndGlobalSection
	GlobalSection(SolutionProperties) = preSolution
		HideSolutionNode = FALSE
	EndGlobalSection
	GlobalSection(NestedProjects) = preSolution
		{139C71F7-2E60-48FD-85FA-D42CADB9D503} = {111E6D1E-D109-4B27-BBDD-ED73E73C83D0}
		{08C25912-9195-472C-9388-131A10FD00F1} = {13943499-5BAD-4FB3-9B3B-7C40AFE2801B}
	EndGlobalSection
	GlobalSection(ExtensibilityGlobals) = postSolution
		SolutionGuid = {DB3E48B9-49BD-4C43-8489-292252F86D3A}
	EndGlobalSection
EndGlobal
